
Microsoft Visual Studio Solution File, Format Version 12.00
# Visual Studio 15
VisualStudioVersion = 15.0.27004.2010
MinimumVisualStudioVersion = 10.0.40219.1
Project("{FAE04EC0-301F-11D3-BF4B-00C04F79EFBC}") = "MVC_React_Project", "MVC_React_Project\MVC_React_Project.csproj", "{DE3A218F-62CB-455D-8D52-FF7A88C84097}"
EndProject
Global
	GlobalSection(SolutionConfigurationPlatforms) = preSolution
		Debug|Any CPU = Debug|Any CPU
		Release|Any CPU = Release|Any CPU
	EndGlobalSection
	GlobalSection(ProjectConfigurationPlatforms) = postSolution
		{DE3A218F-62CB-455D-8D52-FF7A88C84097}.Debug|Any CPU.ActiveCfg = Debug|Any CPU
		{DE3A218F-62CB-455D-8D52-FF7A88C84097}.Debug|Any CPU.Build.0 = Debug|Any CPU
		{DE3A218F-62CB-455D-8D52-FF7A88C84097}.Release|Any CPU.ActiveCfg = Release|Any CPU
		{DE3A218F-62CB-455D-8D52-FF7A88C84097}.Release|Any CPU.Build.0 = Release|Any CPU
	EndGlobalSection
	GlobalSection(SolutionProperties) = preSolution
		HideSolutionNode = FALSE
	EndGlobalSection
	GlobalSection(ExtensibilityGlobals) = postSolution
		SolutionGuid = {1C6CD3DD-6409-4B4C-913A-BE4C5B15AC3B}
	EndGlobalSection
EndGlobal
